{
  "originHash" : "ad4c20a16e6e6e06e61b2f8856ae1cbd48a0f35c4aab99e57605c7e943e32bc9",
  "pins" : [
    {
      "identity" : "trisnetworkkit",
      "kind" : "remoteSourceControl",
      "location" : "https://github.com/iosdevbyul/TrisNetworkKit.git",
      "state" : {
        "revision" : "e0d15ed31922078e42135e4968d5c49e51173232",
        "version" : "0.1.0"
      }
    }
  ],
  "version" : 3
}
