{
  "originHash" : "6e128067216ab53c3a526734e57491b37a0dd0447940f68f20549f58fb67b025",
  "pins" : [
    {
      "identity" : "trisnetworkkit",
      "kind" : "remoteSourceControl",
      "location" : "https://github.com/iosdevbyul/TrisNetworkKit.git",
      "state" : {
        "branch" : "main",
        "revision" : "de18230cd8f7365d7d682b2e2b3cf787f5d1b465"
      }
    }
  ],
  "version" : 3
}
