{
  "originHash" : "6e128067216ab53c3a526734e57491b37a0dd0447940f68f20549f58fb67b025",
  "pins" : [
    {
      "identity" : "trisnetworkkit",
      "kind" : "remoteSourceControl",
      "location" : "https://github.com/iosdevbyul/TrisNetworkKit.git",
      "state" : {
        "branch" : "main",
        "revision" : "c915998d9329dbf38117e63655bd0bba59b8ad01"
      }
    }
  ],
  "version" : 3
}
