// !$*UTF8*$!
{
	archiveVersion = 1;
	classes = {
	};
	objectVersion = 77;
	objects = {

/* Begin PBXBuildFile section */
		1C48C85D304B5CBC006C2F76 /* AuthenticationKit in Frameworks */ = {isa = PBXBuildFile; productRef = 1C48C85C304B5CBC006C2F76 /* AuthenticationKit */; };
/* End PBXBuildFile section */

/* Begin PBXContainerItemProxy section */
		1C48C830304B5B6B006C2F76 /* PBXContainerItemProxy */ = {
			isa = PBXContainerItemProxy;
			containerPortal = 1C48C81A304B5B66006C2F76 /* Project object */;
			proxyType = 1;
			remoteGlobalIDString = 1C48C821304B5B66006C2F76;
			remoteInfo = AuthenticationKitDemo;
		};
		1C48C83A304B5B6B006C2F76 /* PBXContainerItemProxy */ = {
			isa = PBXContainerItemProxy;
			containerPortal = 1C48C81A304B5B66006C2F76 /* Project object */;
			proxyType = 1;
			remoteGlobalIDString = 1C48C821304B5B66006C2F76;
			remoteInfo = AuthenticationKitDemo;
		};
/* End PBXContainerItemProxy section */

/* Begin PBXFileReference section */
		1C48C822304B5B67006C2F76 /* AuthenticationKitDemo.app */ = {isa = PBXFileReference; explicitFileType = wrapper.application; includeInIndex = 0; path = AuthenticationKitDemo.app; sourceTree = BUILT_PRODUCTS_DIR; };
		1C48C82F304B5B6B006C2F76 /* AuthenticationKitDemoTests.xctest */ = {isa = PBXFileReference; explicitFileType = wrapper.cfbundle; includeInIndex = 0; path = AuthenticationKitDemoTests.xctest; sourceTree = BUILT_PRODUCTS_DIR; };
		1C48C839304B5B6B006C2F76 /* AuthenticationKitDemoUITests.xctest */ = {isa = PBXFileReference; explicitFileType = wrapper.cfbundle; includeInIndex = 0; path = AuthenticationKitDemoUITests.xctest; sourceTree = BUILT_PRODUCTS_DIR; };
/* End PBXFileReference section */

/* Begin PBXFileSystemSynchronizedRootGroup section */
		1C48C824304B5B67006C2F76 /* AuthenticationKitDemo */ = {
			isa = PBXFileSystemSynchronizedRootGroup;
			path = AuthenticationKitDemo;
			sourceTree = "<group>";
		};
		1C48C832304B5B6B006C2F76 /* AuthenticationKitDemoTests */ = {
			isa = PBXFileSystemSynchronizedRootGroup;
			path = AuthenticationKitDemoTests;
			sourceTree = "<group>";
		};
		1C48C83C304B5B6B006C2F76 /* AuthenticationKitDemoUITests */ = {
			isa = PBXFileSystemSynchronizedRootGroup;
			path = AuthenticationKitDemoUITests;
			sourceTree = "<group>";
		};
/* End PBXFileSystemSynchronizedRootGroup section */

/* Begin PBXFrameworksBuildPhase section */
		1C48C81F304B5B66006C2F76 /* Frameworks */ = {
			isa = PBXFrameworksBuildPhase;
			buildActionMask = 2147483647;
			files = (
				1C48C85D304B5CBC006C2F76 /* AuthenticationKit in Frameworks */,
			);
			runOnlyForDeploymentPostprocessing = 0;
		};
		1C48C82C304B5B6B006C2F76 /* Frameworks */ = {
			isa = PBXFrameworksBuildPhase;
			buildActionMask = 2147483647;
			files = (
			);
			runOnlyForDeploymentPostprocessing = 0;
		};
		1C48C836304B5B6B006C2F76 /* Frameworks */ = {
			isa = PBXFrameworksBuildPhase;
			buildActionMask = 2147483647;
			files = (
			);
			runOnlyForDeploymentPostprocessing = 0;
		};
/* End PBXFrameworksBuildPhase section */

/* Begin PBXGroup section */
		1C48C819304B5B66006C2F76 = {
			isa = PBXGroup;
			children = (
				1C48C824304B5B67006C2F76 /* AuthenticationKitDemo */,
				1C48C832304B5B6B006C2F76 /* AuthenticationKitDemoTests */,
				1C48C83C304B5B6B006C2F76 /* AuthenticationKitDemoUITests */,
				1C48C823304B5B67006C2F76 /* Products */,
			);
			sourceTree = "<group>";
		};
		1C48C823304B5B67006C2F76 /* Products */ = {
			isa = PBXGroup;
			children = (
				1C48C822304B5B67006C2F76 /* AuthenticationKitDemo.app */,
				1C48C82F304B5B6B006C2F76 /* AuthenticationKitDemoTests.xctest */,
				1C48C839304B5B6B006C2F76 /* AuthenticationKitDemoUITests.xctest */,
			);
			name = Products;
			sourceTree = "<group>";
		};
/* End PBXGroup section */

/* Begin PBXNativeTarget section */
		1C48C821304B5B66006C2F76 /* AuthenticationKitDemo */ = {
			isa = PBXNativeTarget;
			buildConfigurationList = 1C48C843304B5B6B006C2F76 /* Build configuration list for PBXNativeTarget "AuthenticationKitDemo" */;
			buildPhases = (
				1C48C81E304B5B66006C2F76 /* Sources */,
				1C48C81F304B5B66006C2F76 /* Frameworks */,
				1C48C820304B5B66006C2F76 /* Resources */,
			);
			buildRules = (
			);
			dependencies = (
			);
			fileSystemSynchronizedGroups = (
				1C48C824304B5B67006C2F76 /* AuthenticationKitDemo */,
			);
			name = AuthenticationKitDemo;
			packageProductDependencies = (
				1C48C85C304B5CBC006C2F76 /* AuthenticationKit */,
			);
			productName = AuthenticationKitDemo;
			productReference = 1C48C822304B5B67006C2F76 /* AuthenticationKitDemo.app */;
			productType = "com.apple.product-type.application";
		};
		1C48C82E304B5B6B006C2F76 /* AuthenticationKitDemoTests */ = {
			isa = PBXNativeTarget;
			buildConfigurationList = 1C48C846304B5B6B006C2F76 /* Build configuration list for PBXNativeTarget "AuthenticationKitDemoTests" */;
			buildPhases = (
				1C48C82B304B5B6B006C2F76 /* Sources */,
				1C48C82C304B5B6B006C2F76 /* Frameworks */,
				1C48C82D304B5B6B006C2F76 /* Resources */,
			);
			buildRules = (
			);
			dependencies = (
				1C48C831304B5B6B006C2F76 /* PBXTargetDependency */,
			);
			fileSystemSynchronizedGroups = (
				1C48C832304B5B6B006C2F76 /* AuthenticationKitDemoTests */,
			);
			name = AuthenticationKitDemoTests;
			packageProductDependencies = (
			);
			productName = AuthenticationKitDemoTests;
			productReference = 1C48C82F304B5B6B006C2F76 /* AuthenticationKitDemoTests.xctest */;
			productType = "com.apple.product-type.bundle.unit-test";
		};
		1C48C838304B5B6B006C2F76 /* AuthenticationKitDemoUITests */ = {
			isa = PBXNativeTarget;
			buildConfigurationList = 1C48C849304B5B6B006C2F76 /* Build configuration list for PBXNativeTarget "AuthenticationKitDemoUITests" */;
			buildPhases = (
				1C48C835304B5B6B006C2F76 /* Sources */,
				1C48C836304B5B6B006C2F76 /* Frameworks */,
				1C48C837304B5B6B006C2F76 /* Resources */,
			);
			buildRules = (
			);
			dependencies = (
				1C48C83B304B5B6B006C2F76 /* PBXTargetDependency */,
			);
			fileSystemSynchronizedGroups = (
				1C48C83C304B5B6B006C2F76 /* AuthenticationKitDemoUITests */,
			);
			name = AuthenticationKitDemoUITests;
			packageProductDependencies = (
			);
			productName = AuthenticationKitDemoUITests;
			productReference = 1C48C839304B5B6B006C2F76 /* AuthenticationKitDemoUITests.xctest */;
			productType = "com.apple.product-type.bundle.ui-testing";
		};
/* End PBXNativeTarget section */

/* Begin PBXProject section */
		1C48C81A304B5B66006C2F76 /* Project object */ = {
			isa = PBXProject;
			attributes = {
				BuildIndependentTargetsInParallel = 1;
				LastSwiftUpdateCheck = 2650;
				LastUpgradeCheck = 2650;
				TargetAttributes = {
					1C48C821304B5B66006C2F76 = {
						CreatedOnToolsVersion = 26.5;
					};
					1C48C82E304B5B6B006C2F76 = {
						CreatedOnToolsVersion = 26.5;
						TestTargetID = 1C48C821304B5B66006C2F76;
					};
					1C48C838304B5B6B006C2F76 = {
						CreatedOnToolsVersion = 26.5;
						TestTargetID = 1C48C821304B5B66006C2F76;
					};
				};
			};
			buildConfigurationList = 1C48C81D304B5B66006C2F76 /* Build configuration list for PBXProject "AuthenticationKitDemo" */;
			developmentRegion = en;
			hasScannedForEncodings = 0;
			knownRegions = (
				en,
				Base,
			);
			mainGroup = 1C48C819304B5B66006C2F76;
			minimizedProjectReferenceProxies = 1;
			packageReferences = (
				1C48C85B304B5CBC006C2F76 /* XCLocalSwiftPackageReference "../../../AuthenticationKit" */,
			);
			preferredProjectObjectVersion = 77;
			productRefGroup = 1C48C823304B5B67006C2F76 /* Products */;
			projectDirPath = "";
			projectRoot = "";
			targets = (
				1C48C821304B5B66006C2F76 /* AuthenticationKitDemo */,
				1C48C82E304B5B6B006C2F76 /* AuthenticationKitDemoTests */,
				1C48C838304B5B6B006C2F76 /* AuthenticationKitDemoUITests */,
			);
		};
/* End PBXProject section */

/* Begin PBXResourcesBuildPhase section */
		1C48C820304B5B66006C2F76 /* Resources */ = {
			isa = PBXResourcesBuildPhase;
			buildActionMask = 2147483647;
			files = (
			);
			runOnlyForDeploymentPostprocessing = 0;
		};
		1C48C82D304B5B6B006C2F76 /* Resources */ = {
			isa = PBXResourcesBuildPhase;
			buildActionMask = 2147483647;
			files = (
			);
			runOnlyForDeploymentPostprocessing = 0;
		};
		1C48C837304B5B6B006C2F76 /* Resources */ = {
			isa = PBXResourcesBuildPhase;
			buildActionMask = 2147483647;
			files = (
			);
			runOnlyForDeploymentPostprocessing = 0;
		};
/* End PBXResourcesBuildPhase section */

/* Begin PBXSourcesBuildPhase section */
		1C48C81E304B5B66006C2F76 /* Sources */ = {
			isa = PBXSourcesBuildPhase;
			buildActionMask = 2147483647;
			files = (
			);
			runOnlyForDeploymentPostprocessing = 0;
		};
		1C48C82B304B5B6B006C2F76 /* Sources */ = {
			isa = PBXSourcesBuildPhase;
			buildActionMask = 2147483647;
			files = (
			);
			runOnlyForDeploymentPostprocessing = 0;
		};
		1C48C835304B5B6B006C2F76 /* Sources */ = {
			isa = PBXSourcesBuildPhase;
			buildActionMask = 2147483647;
			files = (
			);
			runOnlyForDeploymentPostprocessing = 0;
		};
/* End PBXSourcesBuildPhase section */

/* Begin PBXTargetDependency section */
		1C48C831304B5B6B006C2F76 /* PBXTargetDependency */ = {
			isa = PBXTargetDependency;
			target = 1C48C821304B5B66006C2F76 /* AuthenticationKitDemo */;
			targetProxy = 1C48C830304B5B6B006C2F76 /* PBXContainerItemProxy */;
		};
		1C48C83B304B5B6B006C2F76 /* PBXTargetDependency */ = {
			isa = PBXTargetDependency;
			target = 1C48C821304B5B66006C2F76 /* AuthenticationKitDemo */;
			targetProxy = 1C48C83A304B5B6B006C2F76 /* PBXContainerItemProxy */;
		};
/* End PBXTargetDependency section */

/* Begin XCBuildConfiguration section */
		1C48C841304B5B6B006C2F76 /* Debug */ = {
			isa = XCBuildConfiguration;
			buildSettings = {
				ALWAYS_SEARCH_USER_PATHS = NO;
				ASSETCATALOG_COMPILER_GENERATE_SWIFT_ASSET_SYMBOL_EXTENSIONS = YES;
				CLANG_ANALYZER_NONNULL = YES;
				CLANG_ANALYZER_NUMBER_OBJECT_CONVERSION = YES_AGGRESSIVE;
				CLANG_CXX_LANGUAGE_STANDARD = "gnu++20";
				CLANG_ENABLE_MODULES = YES;
				CLANG_ENABLE_OBJC_ARC = YES;
				CLANG_ENABLE_OBJC_WEAK = YES;
				CLANG_WARN_BLOCK_CAPTURE_AUTORELEASING = YES;
				CLANG_WARN_BOOL_CONVERSION = YES;
				CLANG_WARN_COMMA = YES;
				CLANG_WARN_CONSTANT_CONVERSION = YES;
				CLANG_WARN_DEPRECATED_OBJC_IMPLEMENTATIONS = YES;
				CLANG_WARN_DIRECT_OBJC_ISA_USAGE = YES_ERROR;
				CLANG_WARN_DOCUMENTATION_COMMENTS = YES;
				CLANG_WARN_EMPTY_BODY = YES;
				CLANG_WARN_ENUM_CONVERSION = YES;
				CLANG_WARN_INFINITE_RECURSION = YES;
				CLANG_WARN_INT_CONVERSION = YES;
				CLANG_WARN_NON_LITERAL_NULL_CONVERSION = YES;
				CLANG_WARN_OBJC_IMPLICIT_RETAIN_SELF = YES;
				CLANG_WARN_OBJC_LITERAL_CONVERSION = YES;
				CLANG_WARN_OBJC_ROOT_CLASS = YES_ERROR;
				CLANG_WARN_QUOTED_INCLUDE_IN_FRAMEWORK_HEADER = YES;
				CLANG_WARN_RANGE_LOOP_ANALYSIS = YES;
				CLANG_WARN_STRICT_PROTOTYPES = YES;
				CLANG_WARN_SUSPICIOUS_MOVE = YES;
				CLANG_WARN_UNGUARDED_AVAILABILITY = YES_AGGRESSIVE;
				CLANG_WARN_UNREACHABLE_CODE = YES;
				CLANG_WARN__DUPLICATE_METHOD_MATCH = YES;
				COPY_PHASE_STRIP = NO;
				DEBUG_INFORMATION_FORMAT = dwarf;
				ENABLE_STRICT_OBJC_MSGSEND = YES;
				ENABLE_TESTABILITY = YES;
				ENABLE_USER_SCRIPT_SANDBOXING = YES;
				GCC_C_LANGUAGE_STANDARD = gnu17;
				GCC_DYNAMIC_NO_PIC = NO;
				GCC_NO_COMMON_BLOCKS = YES;
				GCC_OPTIMIZATION_LEVEL = 0;
				GCC_PREPROCESSOR_DEFINITIONS = (
					"DEBUG=1",
					"$(inherited)",
				);
				GCC_WARN_64_TO_32_BIT_CONVERSION = YES;
				GCC_WARN_ABOUT_RETURN_TYPE = YES_ERROR;
				GCC_WARN_UNDECLARED_SELECTOR = YES;
				GCC_WARN_UNINITIALIZED_AUTOS = YES_AGGRESSIVE;
				GCC_WARN_UNUSED_FUNCTION = YES;
				GCC_WARN_UNUSED_VARIABLE = YES;
				IPHONEOS_DEPLOYMENT_TARGET = 26.5;
				LOCALIZATION_PREFERS_STRING_CATALOGS = YES;
				MTL_ENABLE_DEBUG_INFO = INCLUDE_SOURCE;
				MTL_FAST_MATH = YES;
				ONLY_ACTIVE_ARCH = YES;
				SDKROOT = iphoneos;
				SWIFT_ACTIVE_COMPILATION_CONDITIONS = "DEBUG $(inherited)";
				SWIFT_OPTIMIZATION_LEVEL = "-Onone";
			};
			name = Debug;
		};
		1C48C842304B5B6B006C2F76 /* Release */ = {
			isa = XCBuildConfiguration;
			buildSettings = {
				ALWAYS_SEARCH_USER_PATHS = NO;
				ASSETCATALOG_COMPILER_GENERATE_SWIFT_ASSET_SYMBOL_EXTENSIONS = YES;
				CLANG_ANALYZER_NONNULL = YES;
				CLANG_ANALYZER_NUMBER_OBJECT_CONVERSION = YES_AGGRESSIVE;
				CLANG_CXX_LANGUAGE_STANDARD = "gnu++20";
				CLANG_ENABLE_MODULES = YES;
				CLANG_ENABLE_OBJC_ARC = YES;
				CLANG_ENABLE_OBJC_WEAK = YES;
				CLANG_WARN_BLOCK_CAPTURE_AUTORELEASING = YES;
				CLANG_WARN_BOOL_CONVERSION = YES;
				CLANG_WARN_COMMA = YES;
				CLANG_WARN_CONSTANT_CONVERSION = YES;
				CLANG_WARN_DEPRECATED_OBJC_IMPLEMENTATIONS = YES;
				CLANG_WARN_DIRECT_OBJC_ISA_USAGE = YES_ERROR;
				CLANG_WARN_DOCUMENTATION_COMMENTS = YES;
				CLANG_WARN_EMPTY_BODY = YES;
				CLANG_WARN_ENUM_CONVERSION = YES;
				CLANG_WARN_INFINITE_RECURSION = YES;
				CLANG_WARN_INT_CONVERSION = YES;
				CLANG_WARN_NON_LITERAL_NULL_CONVERSION = YES;
				CLANG_WARN_OBJC_IMPLICIT_RETAIN_SELF = YES;
				CLANG_WARN_OBJC_LITERAL_CONVERSION = YES;
				CLANG_WARN_OBJC_ROOT_CLASS = YES_ERROR;
				CLANG_WARN_QUOTED_INCLUDE_IN_FRAMEWORK_HEADER = YES;
				CLANG_WARN_RANGE_LOOP_ANALYSIS = YES;
				CLANG_WARN_STRICT_PROTOTYPES = YES;
				CLANG_WARN_SUSPICIOUS_MOVE = YES;
				CLANG_WARN_UNGUARDED_AVAILABILITY = YES_AGGRESSIVE;
				CLANG_WARN_UNREACHABLE_CODE = YES;
				CLANG_WARN__DUPLICATE_METHOD_MATCH = YES;
				COPY_PHASE_STRIP = NO;
				DEBUG_INFORMATION_FORMAT = "dwarf-with-dsym";
				ENABLE_NS_ASSERTIONS = NO;
				ENABLE_STRICT_OBJC_MSGSEND = YES;
				ENABLE_USER_SCRIPT_SANDBOXING = YES;
				GCC_C_LANGUAGE_STANDARD = gnu17;
				GCC_NO_COMMON_BLOCKS = YES;
				GCC_WARN_64_TO_32_BIT_CONVERSION = YES;
				GCC_WARN_ABOUT_RETURN_TYPE = YES_ERROR;
				GCC_WARN_UNDECLARED_SELECTOR = YES;
				GCC_WARN_UNINITIALIZED_AUTOS = YES_AGGRESSIVE;
				GCC_WARN_UNUSED_FUNCTION = YES;
				GCC_WARN_UNUSED_VARIABLE = YES;
				IPHONEOS_DEPLOYMENT_TARGET = 26.5;
				LOCALIZATION_PREFERS_STRING_CATALOGS = YES;
				MTL_ENABLE_DEBUG_INFO = NO;
				MTL_FAST_MATH = YES;
				SDKROOT = iphoneos;
				SWIFT_COMPILATION_MODE = wholemodule;
				VALIDATE_PRODUCT = YES;
			};
			name = Release;
		};
		1C48C844304B5B6B006C2F76 /* Debug */ = {
			isa = XCBuildConfiguration;
			buildSettings = {
				ASSETCATALOG_COMPILER_APPICON_NAME = AppIcon;
				ASSETCATALOG_COMPILER_GLOBAL_ACCENT_COLOR_NAME = AccentColor;
				CODE_SIGN_STYLE = Automatic;
				CURRENT_PROJECT_VERSION = 1;
				DEVELOPMENT_TEAM = NXY923MCN7;
				ENABLE_PREVIEWS = YES;
				GENERATE_INFOPLIST_FILE = YES;
				INFOPLIST_KEY_UIApplicationSceneManifest_Generation = YES;
				INFOPLIST_KEY_UIApplicationSupportsIndirectInputEvents = YES;
				INFOPLIST_KEY_UILaunchScreen_Generation = YES;
				INFOPLIST_KEY_UISupportedInterfaceOrientations_iPad = "UIInterfaceOrientationPortrait UIInterfaceOrientationPortraitUpsideDown UIInterfaceOrientationLandscapeLeft UIInterfaceOrientationLandscapeRight";
				INFOPLIST_KEY_UISupportedInterfaceOrientations_iPhone = "UIInterfaceOrientationPortrait UIInterfaceOrientationLandscapeLeft UIInterfaceOrientationLandscapeRight";
				LD_RUNPATH_SEARCH_PATHS = (
					"$(inherited)",
					"@executable_path/Frameworks",
				);
				MARKETING_VERSION = 1.0;
				PRODUCT_BUNDLE_IDENTIFIER = com.tris.AuthenticationKitDemo;
				PRODUCT_NAME = "$(TARGET_NAME)";
				STRING_CATALOG_GENERATE_SYMBOLS = YES;
				SWIFT_APPROACHABLE_CONCURRENCY = YES;
				SWIFT_DEFAULT_ACTOR_ISOLATION = MainActor;
				SWIFT_EMIT_LOC_STRINGS = YES;
				SWIFT_UPCOMING_FEATURE_MEMBER_IMPORT_VISIBILITY = YES;
				SWIFT_VERSION = 5.0;
				TARGETED_DEVICE_FAMILY = "1,2";
			};
			name = Debug;
		};
		1C48C845304B5B6B006C2F76 /* Release */ = {
			isa = XCBuildConfiguration;
			buildSettings = {
				ASSETCATALOG_COMPILER_APPICON_NAME = AppIcon;
				ASSETCATALOG_COMPILER_GLOBAL_ACCENT_COLOR_NAME = AccentColor;
				CODE_SIGN_STYLE = Automatic;
				CURRENT_PROJECT_VERSION = 1;
				DEVELOPMENT_TEAM = NXY923MCN7;
				ENABLE_PREVIEWS = YES;
				GENERATE_INFOPLIST_FILE = YES;
				INFOPLIST_KEY_UIApplicationSceneManifest_Generation = YES;
				INFOPLIST_KEY_UIApplicationSupportsIndirectInputEvents = YES;
				INFOPLIST_KEY_UILaunchScreen_Generation = YES;
				INFOPLIST_KEY_UISupportedInterfaceOrientations_iPad = "UIInterfaceOrientationPortrait UIInterfaceOrientationPortraitUpsideDown UIInterfaceOrientationLandscapeLeft UIInterfaceOrientationLandscapeRight";
				INFOPLIST_KEY_UISupportedInterfaceOrientations_iPhone = "UIInterfaceOrientationPortrait UIInterfaceOrientationLandscapeLeft UIInterfaceOrientationLandscapeRight";
				LD_RUNPATH_SEARCH_PATHS = (
					"$(inherited)",
					"@executable_path/Frameworks",
				);
				MARKETING_VERSION = 1.0;
				PRODUCT_BUNDLE_IDENTIFIER = com.tris.AuthenticationKitDemo;
				PRODUCT_NAME = "$(TARGET_NAME)";
				STRING_CATALOG_GENERATE_SYMBOLS = YES;
				SWIFT_APPROACHABLE_CONCURRENCY = YES;
				SWIFT_DEFAULT_ACTOR_ISOLATION = MainActor;
				SWIFT_EMIT_LOC_STRINGS = YES;
				SWIFT_UPCOMING_FEATURE_MEMBER_IMPORT_VISIBILITY = YES;
				SWIFT_VERSION = 5.0;
				TARGETED_DEVICE_FAMILY = "1,2";
			};
			name = Release;
		};
		1C48C847304B5B6B006C2F76 /* Debug */ = {
			isa = XCBuildConfiguration;
			buildSettings = {
				BUNDLE_LOADER = "$(TEST_HOST)";
				CODE_SIGN_STYLE = Automatic;
				CURRENT_PROJECT_VERSION = 1;
				GENERATE_INFOPLIST_FILE = YES;
				IPHONEOS_DEPLOYMENT_TARGET = 26.5;
				MARKETING_VERSION = 1.0;
				PRODUCT_BUNDLE_IDENTIFIER = com.tris.AuthenticationKitDemoTests;
				PRODUCT_NAME = "$(TARGET_NAME)";
				STRING_CATALOG_GENERATE_SYMBOLS = NO;
				SWIFT_APPROACHABLE_CONCURRENCY = YES;
				SWIFT_EMIT_LOC_STRINGS = NO;
				SWIFT_UPCOMING_FEATURE_MEMBER_IMPORT_VISIBILITY = YES;
				SWIFT_VERSION = 5.0;
				TARGETED_DEVICE_FAMILY = "1,2";
				TEST_HOST = "$(BUILT_PRODUCTS_DIR)/AuthenticationKitDemo.app/$(BUNDLE_EXECUTABLE_FOLDER_PATH)/AuthenticationKitDemo";
			};
			name = Debug;
		};
		1C48C848304B5B6B006C2F76 /* Release */ = {
			isa = XCBuildConfiguration;
			buildSettings = {
				BUNDLE_LOADER = "$(TEST_HOST)";
				CODE_SIGN_STYLE = Automatic;
				CURRENT_PROJECT_VERSION = 1;
				GENERATE_INFOPLIST_FILE = YES;
				IPHONEOS_DEPLOYMENT_TARGET = 26.5;
				MARKETING_VERSION = 1.0;
				PRODUCT_BUNDLE_IDENTIFIER = com.tris.AuthenticationKitDemoTests;
				PRODUCT_NAME = "$(TARGET_NAME)";
				STRING_CATALOG_GENERATE_SYMBOLS = NO;
				SWIFT_APPROACHABLE_CONCURRENCY = YES;
				SWIFT_EMIT_LOC_STRINGS = NO;
				SWIFT_UPCOMING_FEATURE_MEMBER_IMPORT_VISIBILITY = YES;
				SWIFT_VERSION = 5.0;
				TARGETED_DEVICE_FAMILY = "1,2";
				TEST_HOST = "$(BUILT_PRODUCTS_DIR)/AuthenticationKitDemo.app/$(BUNDLE_EXECUTABLE_FOLDER_PATH)/AuthenticationKitDemo";
			};
			name = Release;
		};
		1C48C84A304B5B6B006C2F76 /* Debug */ = {
			isa = XCBuildConfiguration;
			buildSettings = {
				CODE_SIGN_STYLE = Automatic;
				CURRENT_PROJECT_VERSION = 1;
				GENERATE_INFOPLIST_FILE = YES;
				MARKETING_VERSION = 1.0;
				PRODUCT_BUNDLE_IDENTIFIER = com.tris.AuthenticationKitDemoUITests;
				PRODUCT_NAME = "$(TARGET_NAME)";
				STRING_CATALOG_GENERATE_SYMBOLS = NO;
				SWIFT_APPROACHABLE_CONCURRENCY = YES;
				SWIFT_EMIT_LOC_STRINGS = NO;
				SWIFT_UPCOMING_FEATURE_MEMBER_IMPORT_VISIBILITY = YES;
				SWIFT_VERSION = 5.0;
				TARGETED_DEVICE_FAMILY = "1,2";
				TEST_TARGET_NAME = AuthenticationKitDemo;
			};
			name = Debug;
		};
		1C48C84B304B5B6B006C2F76 /* Release */ = {
			isa = XCBuildConfiguration;
			buildSettings = {
				CODE_SIGN_STYLE = Automatic;
				CURRENT_PROJECT_VERSION = 1;
				GENERATE_INFOPLIST_FILE = YES;
				MARKETING_VERSION = 1.0;
				PRODUCT_BUNDLE_IDENTIFIER = com.tris.AuthenticationKitDemoUITests;
				PRODUCT_NAME = "$(TARGET_NAME)";
				STRING_CATALOG_GENERATE_SYMBOLS = NO;
				SWIFT_APPROACHABLE_CONCURRENCY = YES;
				SWIFT_EMIT_LOC_STRINGS = NO;
				SWIFT_UPCOMING_FEATURE_MEMBER_IMPORT_VISIBILITY = YES;
				SWIFT_VERSION = 5.0;
				TARGETED_DEVICE_FAMILY = "1,2";
				TEST_TARGET_NAME = AuthenticationKitDemo;
			};
			name = Release;
		};
/* End XCBuildConfiguration section */

/* Begin XCConfigurationList section */
		1C48C81D304B5B66006C2F76 /* Build configuration list for PBXProject "AuthenticationKitDemo" */ = {
			isa = XCConfigurationList;
			buildConfigurations = (
				1C48C841304B5B6B006C2F76 /* Debug */,
				1C48C842304B5B6B006C2F76 /* Release */,
			);
			defaultConfigurationIsVisible = 0;
			defaultConfigurationName = Release;
		};
		1C48C843304B5B6B006C2F76 /* Build configuration list for PBXNativeTarget "AuthenticationKitDemo" */ = {
			isa = XCConfigurationList;
			buildConfigurations = (
				1C48C844304B5B6B006C2F76 /* Debug */,
				1C48C845304B5B6B006C2F76 /* Release */,
			);
			defaultConfigurationIsVisible = 0;
			defaultConfigurationName = Release;
		};
		1C48C846304B5B6B006C2F76 /* Build configuration list for PBXNativeTarget "AuthenticationKitDemoTests" */ = {
			isa = XCConfigurationList;
			buildConfigurations = (
				1C48C847304B5B6B006C2F76 /* Debug */,
				1C48C848304B5B6B006C2F76 /* Release */,
			);
			defaultConfigurationIsVisible = 0;
			defaultConfigurationName = Release;
		};
		1C48C849304B5B6B006C2F76 /* Build configuration list for PBXNativeTarget "AuthenticationKitDemoUITests" */ = {
			isa = XCConfigurationList;
			buildConfigurations = (
				1C48C84A304B5B6B006C2F76 /* Debug */,
				1C48C84B304B5B6B006C2F76 /* Release */,
			);
			defaultConfigurationIsVisible = 0;
			defaultConfigurationName = Release;
		};
/* End XCConfigurationList section */

/* Begin XCLocalSwiftPackageReference section */
		1C48C85B304B5CBC006C2F76 /* XCLocalSwiftPackageReference "../../../AuthenticationKit" */ = {
			isa = XCLocalSwiftPackageReference;
			relativePath = ../../../AuthenticationKit;
		};
/* End XCLocalSwiftPackageReference section */

/* Begin XCSwiftPackageProductDependency section */
		1C48C85C304B5CBC006C2F76 /* AuthenticationKit */ = {
			isa = XCSwiftPackageProductDependency;
			productName = AuthenticationKit;
		};
/* End XCSwiftPackageProductDependency section */
	};
	rootObject = 1C48C81A304B5B66006C2F76 /* Project object */;
}
